
Microsoft Visual Studio Solution File, Format Version 12.00
# Visual Studio 14
VisualStudioVersion = 14.0.25420.1
MinimumVisualStudioVersion = 10.0.40219.1
Project("{FAE04EC0-301F-11D3-BF4B-00C04F79EFBC}") = "UnityTexTool", "UnityTexTool\UnityTexTool.csproj", "{1B199094-0901-474D-86F1-53C5118850A0}"
EndProject
Project("{2150E333-8FDC-42A3-9474-1A3956D46DE8}") = "Solution Items", "Solution Items", "{84F1DB29-A10D-480E-B0FA-62A889B8C973}"
	ProjectSection(SolutionItems) = preProject
		README.MD = README.MD
	EndProjectSection
EndProject
Project("{FAE04EC0-301F-11D3-BF4B-00C04F79EFBC}") = "ATI.TextureConverter", "Adreno.TextureTools\ATI.TextureConverter.csproj", "{02660A6C-A871-437B-BD78-D42E495A7BD9}"
EndProject
Global
	GlobalSection(SolutionConfigurationPlatforms) = preSolution
		Debug|Any CPU = Debug|Any CPU
		Release|Any CPU = Release|Any CPU
	EndGlobalSection
	GlobalSection(ProjectConfigurationPlatforms) = postSolution
		{1B199094-0901-474D-86F1-53C5118850A0}.Debug|Any CPU.ActiveCfg = Debug|Any CPU
		{1B199094-0901-474D-86F1-53C5118850A0}.Debug|Any CPU.Build.0 = Debug|Any CPU
		{1B199094-0901-474D-86F1-53C5118850A0}.Release|Any CPU.ActiveCfg = Release|Any CPU
		{1B199094-0901-474D-86F1-53C5118850A0}.Release|Any CPU.Build.0 = Release|Any CPU
		{02660A6C-A871-437B-BD78-D42E495A7BD9}.Debug|Any CPU.ActiveCfg = Debug|Any CPU
		{02660A6C-A871-437B-BD78-D42E495A7BD9}.Debug|Any CPU.Build.0 = Debug|Any CPU
		{02660A6C-A871-437B-BD78-D42E495A7BD9}.Release|Any CPU.ActiveCfg = Release|Any CPU
		{02660A6C-A871-437B-BD78-D42E495A7BD9}.Release|Any CPU.Build.0 = Release|Any CPU
	EndGlobalSection
	GlobalSection(SolutionProperties) = preSolution
		HideSolutionNode = FALSE
	EndGlobalSection
EndGlobal
